
Microsoft Visual Studio Solution File, Format Version 11.00
# Visual Studio 2010
Project("{FAE04EC0-301F-11D3-BF4B-00C04F79EFBC}") = "PerformanceTestingWebSite", "PerformanceTestingWebSite.csproj", "{21EC68B3-EF81-43E2-B69A-E988127E15F8}"
EndProject
Global
	GlobalSection(SolutionConfigurationPlatforms) = preSolution
		Debug|Any CPU = Debug|Any CPU
		Release|Any CPU = Release|Any CPU
	EndGlobalSection
	GlobalSection(ProjectConfigurationPlatforms) = postSolution
		{21EC68B3-EF81-43E2-B69A-E988127E15F8}.Debug|Any CPU.ActiveCfg = Debug|Any CPU
		{21EC68B3-EF81-43E2-B69A-E988127E15F8}.Debug|Any CPU.Build.0 = Debug|Any CPU
		{21EC68B3-EF81-43E2-B69A-E988127E15F8}.Release|Any CPU.ActiveCfg = Release|Any CPU
		{21EC68B3-EF81-43E2-B69A-E988127E15F8}.Release|Any CPU.Build.0 = Release|Any CPU
	EndGlobalSection
	GlobalSection(SolutionProperties) = preSolution
		HideSolutionNode = FALSE
	EndGlobalSection
EndGlobal
