
Microsoft Visual Studio Solution File, Format Version 11.00
# Visual Studio 2010
Project("{FAE04EC0-301F-11D3-BF4B-00C04F79EFBC}") = "PresentationDemo1", "PresentationDemo1\PresentationDemo1.csproj", "{749163B2-8B33-46BD-8B42-579EE7A3EB37}"
EndProject
Global
	GlobalSection(SolutionConfigurationPlatforms) = preSolution
		Debug|iPhoneSimulator = Debug|iPhoneSimulator
		Release|iPhoneSimulator = Release|iPhoneSimulator
		Debug|iPhone = Debug|iPhone
		Release|iPhone = Release|iPhone
		Ad-Hoc|iPhone = Ad-Hoc|iPhone
		AppStore|iPhone = AppStore|iPhone
	EndGlobalSection
	GlobalSection(ProjectConfigurationPlatforms) = postSolution
		{749163B2-8B33-46BD-8B42-579EE7A3EB37}.Ad-Hoc|iPhone.ActiveCfg = Ad-Hoc|iPhone
		{749163B2-8B33-46BD-8B42-579EE7A3EB37}.Ad-Hoc|iPhone.Build.0 = Ad-Hoc|iPhone
		{749163B2-8B33-46BD-8B42-579EE7A3EB37}.AppStore|iPhone.ActiveCfg = AppStore|iPhone
		{749163B2-8B33-46BD-8B42-579EE7A3EB37}.AppStore|iPhone.Build.0 = AppStore|iPhone
		{749163B2-8B33-46BD-8B42-579EE7A3EB37}.Debug|iPhone.ActiveCfg = Debug|iPhone
		{749163B2-8B33-46BD-8B42-579EE7A3EB37}.Debug|iPhone.Build.0 = Debug|iPhone
		{749163B2-8B33-46BD-8B42-579EE7A3EB37}.Debug|iPhoneSimulator.ActiveCfg = Debug|iPhoneSimulator
		{749163B2-8B33-46BD-8B42-579EE7A3EB37}.Debug|iPhoneSimulator.Build.0 = Debug|iPhoneSimulator
		{749163B2-8B33-46BD-8B42-579EE7A3EB37}.Release|iPhone.ActiveCfg = Release|iPhone
		{749163B2-8B33-46BD-8B42-579EE7A3EB37}.Release|iPhone.Build.0 = Release|iPhone
		{749163B2-8B33-46BD-8B42-579EE7A3EB37}.Release|iPhoneSimulator.ActiveCfg = Release|iPhoneSimulator
		{749163B2-8B33-46BD-8B42-579EE7A3EB37}.Release|iPhoneSimulator.Build.0 = Release|iPhoneSimulator
	EndGlobalSection
	GlobalSection(MonoDevelopProperties) = preSolution
		StartupItem = PresentationDemo1\PresentationDemo1.csproj
	EndGlobalSection
EndGlobal
