
Microsoft Visual Studio Solution File, Format Version 11.00
# Visual Studio 2010
Project("{FAE04EC0-301F-11D3-BF4B-00C04F79EFBC}") = "PresentationDemo1", "PresentationDemo1\PresentationDemo1.csproj", "{256DF01F-2A1D-4607-A98E-A47C815E79FC}"
EndProject
Global
	GlobalSection(SolutionConfigurationPlatforms) = preSolution
		Debug|iPhoneSimulator = Debug|iPhoneSimulator
		Release|iPhoneSimulator = Release|iPhoneSimulator
		Debug|iPhone = Debug|iPhone
		Release|iPhone = Release|iPhone
		Ad-Hoc|iPhone = Ad-Hoc|iPhone
		AppStore|iPhone = AppStore|iPhone
	EndGlobalSection
	GlobalSection(ProjectConfigurationPlatforms) = postSolution
		{256DF01F-2A1D-4607-A98E-A47C815E79FC}.Ad-Hoc|iPhone.ActiveCfg = Ad-Hoc|iPhone
		{256DF01F-2A1D-4607-A98E-A47C815E79FC}.Ad-Hoc|iPhone.Build.0 = Ad-Hoc|iPhone
		{256DF01F-2A1D-4607-A98E-A47C815E79FC}.AppStore|iPhone.ActiveCfg = AppStore|iPhone
		{256DF01F-2A1D-4607-A98E-A47C815E79FC}.AppStore|iPhone.Build.0 = AppStore|iPhone
		{256DF01F-2A1D-4607-A98E-A47C815E79FC}.Debug|iPhone.ActiveCfg = Debug|iPhone
		{256DF01F-2A1D-4607-A98E-A47C815E79FC}.Debug|iPhone.Build.0 = Debug|iPhone
		{256DF01F-2A1D-4607-A98E-A47C815E79FC}.Debug|iPhoneSimulator.ActiveCfg = Debug|iPhoneSimulator
		{256DF01F-2A1D-4607-A98E-A47C815E79FC}.Debug|iPhoneSimulator.Build.0 = Debug|iPhoneSimulator
		{256DF01F-2A1D-4607-A98E-A47C815E79FC}.Release|iPhone.ActiveCfg = Release|iPhone
		{256DF01F-2A1D-4607-A98E-A47C815E79FC}.Release|iPhone.Build.0 = Release|iPhone
		{256DF01F-2A1D-4607-A98E-A47C815E79FC}.Release|iPhoneSimulator.ActiveCfg = Release|iPhoneSimulator
		{256DF01F-2A1D-4607-A98E-A47C815E79FC}.Release|iPhoneSimulator.Build.0 = Release|iPhoneSimulator
	EndGlobalSection
	GlobalSection(MonoDevelopProperties) = preSolution
		StartupItem = PresentationDemo1\PresentationDemo1.csproj
	EndGlobalSection
EndGlobal
